
Microsoft Visual Studio Solution File, Format Version 12.00
# Visual Studio Version 16
VisualStudioVersion = 16.0.31005.135
MinimumVisualStudioVersion = 10.0.40219.1
Project("{FAE04EC0-301F-11D3-BF4B-00C04F79EFBC}") = "6WebApiwithEntityFramework", "6WebApiwithEntityFramework.csproj", "{62D021F7-4E36-4426-9BF8-417420EF1563}"
EndProject
Global
	GlobalSection(SolutionConfigurationPlatforms) = preSolution
		Debug|Any CPU = Debug|Any CPU
		Release|Any CPU = Release|Any CPU
	EndGlobalSection
	GlobalSection(ProjectConfigurationPlatforms) = postSolution
		{62D021F7-4E36-4426-9BF8-417420EF1563}.Debug|Any CPU.ActiveCfg = Debug|Any CPU
		{62D021F7-4E36-4426-9BF8-417420EF1563}.Debug|Any CPU.Build.0 = Debug|Any CPU
		{62D021F7-4E36-4426-9BF8-417420EF1563}.Release|Any CPU.ActiveCfg = Release|Any CPU
		{62D021F7-4E36-4426-9BF8-417420EF1563}.Release|Any CPU.Build.0 = Release|Any CPU
	EndGlobalSection
	GlobalSection(SolutionProperties) = preSolution
		HideSolutionNode = FALSE
	EndGlobalSection
	GlobalSection(ExtensibilityGlobals) = postSolution
		SolutionGuid = {CB294379-746F-460E-93D1-BED251632DB9}
	EndGlobalSection
EndGlobal
