
Microsoft Visual Studio Solution File, Format Version 12.00
# Visual Studio Version 16
VisualStudioVersion = 16.0.31005.135
MinimumVisualStudioVersion = 10.0.40219.1
Project("{FAE04EC0-301F-11D3-BF4B-00C04F79EFBC}") = "7WebApiWithIdentity", "7WebApiWithIdentity.csproj", "{CC7E2452-F738-444C-8E1D-F3CEBCA1320B}"
EndProject
Global
	GlobalSection(SolutionConfigurationPlatforms) = preSolution
		Debug|Any CPU = Debug|Any CPU
		Release|Any CPU = Release|Any CPU
	EndGlobalSection
	GlobalSection(ProjectConfigurationPlatforms) = postSolution
		{CC7E2452-F738-444C-8E1D-F3CEBCA1320B}.Debug|Any CPU.ActiveCfg = Debug|Any CPU
		{CC7E2452-F738-444C-8E1D-F3CEBCA1320B}.Debug|Any CPU.Build.0 = Debug|Any CPU
		{CC7E2452-F738-444C-8E1D-F3CEBCA1320B}.Release|Any CPU.ActiveCfg = Release|Any CPU
		{CC7E2452-F738-444C-8E1D-F3CEBCA1320B}.Release|Any CPU.Build.0 = Release|Any CPU
	EndGlobalSection
	GlobalSection(SolutionProperties) = preSolution
		HideSolutionNode = FALSE
	EndGlobalSection
	GlobalSection(ExtensibilityGlobals) = postSolution
		SolutionGuid = {08B76D44-CE11-448A-9AE4-10BB4D57B632}
	EndGlobalSection
EndGlobal
